
Microsoft Visual Studio Solution File, Format Version 12.00
# Visual Studio 15
VisualStudioVersion = 15.0.28307.271
MinimumVisualStudioVersion = 10.0.40219.1
Project("{2150E333-8FDC-42A3-9474-1A3956D46DE8}") = "src", "src", "{D1E1E7D3-F1D3-4A6C-BEC8-4E67ABBF1FF2}"
EndProject
Project("{2150E333-8FDC-42A3-9474-1A3956D46DE8}") = "services", "services", "{A526BE83-A9EC-4AAF-82EE-78D2673BE210}"
EndProject
Project("{2150E333-8FDC-42A3-9474-1A3956D46DE8}") = "core", "core", "{9AA0DC9E-1BDE-4B47-9BDE-1475B550AA78}"
EndProject
Project("{2150E333-8FDC-42A3-9474-1A3956D46DE8}") = "tests", "tests", "{4AB899B3-257C-4D29-BC28-33C5E761D1F3}"
EndProject
Project("{2150E333-8FDC-42A3-9474-1A3956D46DE8}") = "Solution Items", "Solution Items", "{B045EAEB-7135-48CE-B00F-B45A0CFC7F04}"
	ProjectSection(SolutionItems) = preProject
		.gitignore = .gitignore
	EndProjectSection
EndProject
Project("{2150E333-8FDC-42A3-9474-1A3956D46DE8}") = "apps", "apps", "{3C7593DA-32C5-4020-A436-146A2633F9EB}"
EndProject
Project("{2150E333-8FDC-42A3-9474-1A3956D46DE8}") = "gateway", "gateway", "{51CC1B05-8919-4FB5-B1AF-AABA22B80ECA}"
EndProject
Project("{2150E333-8FDC-42A3-9474-1A3956D46DE8}") = "catalog", "catalog", "{43987F80-3D2F-4FAE-86B1-2DFEF9508EEA}"
EndProject
Project("{2150E333-8FDC-42A3-9474-1A3956D46DE8}") = "spa", "spa", "{80C7BBD9-3F44-4517-A364-19D565F2FBF4}"
EndProject
Project("{2150E333-8FDC-42A3-9474-1A3956D46DE8}") = "razor", "razor", "{C32DDCDF-A2F5-4BA1-A0B4-09CBF07A0697}"
EndProject
Project("{9A19103F-16F7-4668-BE54-9A1E7A4F7556}") = "saaz.core", "src\core\saaz.core\saaz.core.csproj", "{54499168-5452-431E-A2F1-79B6A2115464}"
EndProject
Project("{9A19103F-16F7-4668-BE54-9A1E7A4F7556}") = "saaz.core.api", "src\core\saaz.core.api\saaz.core.api.csproj", "{94363DC2-D7B7-4CB2-9DBD-563EE0C96029}"
EndProject
Project("{9A19103F-16F7-4668-BE54-9A1E7A4F7556}") = "saaz.core.app", "src\core\saaz.core.app\saaz.core.app.csproj", "{CD6E12A7-5095-4F6A-8AE3-79B0BDBF0F13}"
EndProject
Project("{9A19103F-16F7-4668-BE54-9A1E7A4F7556}") = "saaz.app.razor", "src\apps\razor\saaz.app.razor\saaz.app.razor.csproj", "{D94F4932-773F-4306-90F1-9C71C9C0C2A5}"
EndProject
Project("{9A19103F-16F7-4668-BE54-9A1E7A4F7556}") = "saaz.app.ng", "src\apps\spa\saaz.app.ng\saaz.app.ng.csproj", "{D728A729-8C98-4F36-B86A-F104D9AC3509}"
EndProject
Project("{9A19103F-16F7-4668-BE54-9A1E7A4F7556}") = "catalog.api", "src\services\catalog\catalog.api\catalog.api.csproj", "{B0867391-3033-46D3-B9FB-74B1E9B291B7}"
EndProject
Project("{9A19103F-16F7-4668-BE54-9A1E7A4F7556}") = "catalog.app", "src\services\catalog\catalog.app\catalog.app.csproj", "{AE8A2BEA-6E61-4186-AA7E-F9AD6BCBC47E}"
EndProject
Project("{9A19103F-16F7-4668-BE54-9A1E7A4F7556}") = "catalog.domain", "src\services\catalog\catalog.domain\catalog.domain.csproj", "{5E5C1836-8244-469E-9A56-6135E58D2217}"
EndProject
Project("{9A19103F-16F7-4668-BE54-9A1E7A4F7556}") = "catalog.infrastructure", "src\services\catalog\catalog.infrastructure\catalog.infrastructure.csproj", "{24DD9082-6C6A-495C-91F8-F8775EFA7297}"
EndProject
Project("{9A19103F-16F7-4668-BE54-9A1E7A4F7556}") = "catalog.data", "src\services\catalog\catalog.data\catalog.data.csproj", "{10E5C8D3-A4E8-495B-AF8E-41C5AA4E2691}"
EndProject
Project("{9A19103F-16F7-4668-BE54-9A1E7A4F7556}") = "gateway.api", "src\gateway\gateway.api\gateway.api.csproj", "{997FD8C4-6F8B-4D5B-A37C-5F33B7E18A20}"
EndProject
Global
	GlobalSection(SolutionConfigurationPlatforms) = preSolution
		Debug|Any CPU = Debug|Any CPU
		Release|Any CPU = Release|Any CPU
	EndGlobalSection
	GlobalSection(ProjectConfigurationPlatforms) = postSolution
		{54499168-5452-431E-A2F1-79B6A2115464}.Debug|Any CPU.ActiveCfg = Debug|Any CPU
		{54499168-5452-431E-A2F1-79B6A2115464}.Debug|Any CPU.Build.0 = Debug|Any CPU
		{54499168-5452-431E-A2F1-79B6A2115464}.Release|Any CPU.ActiveCfg = Release|Any CPU
		{54499168-5452-431E-A2F1-79B6A2115464}.Release|Any CPU.Build.0 = Release|Any CPU
		{94363DC2-D7B7-4CB2-9DBD-563EE0C96029}.Debug|Any CPU.ActiveCfg = Debug|Any CPU
		{94363DC2-D7B7-4CB2-9DBD-563EE0C96029}.Debug|Any CPU.Build.0 = Debug|Any CPU
		{94363DC2-D7B7-4CB2-9DBD-563EE0C96029}.Release|Any CPU.ActiveCfg = Release|Any CPU
		{94363DC2-D7B7-4CB2-9DBD-563EE0C96029}.Release|Any CPU.Build.0 = Release|Any CPU
		{CD6E12A7-5095-4F6A-8AE3-79B0BDBF0F13}.Debug|Any CPU.ActiveCfg = Debug|Any CPU
		{CD6E12A7-5095-4F6A-8AE3-79B0BDBF0F13}.Debug|Any CPU.Build.0 = Debug|Any CPU
		{CD6E12A7-5095-4F6A-8AE3-79B0BDBF0F13}.Release|Any CPU.ActiveCfg = Release|Any CPU
		{CD6E12A7-5095-4F6A-8AE3-79B0BDBF0F13}.Release|Any CPU.Build.0 = Release|Any CPU
		{D94F4932-773F-4306-90F1-9C71C9C0C2A5}.Debug|Any CPU.ActiveCfg = Debug|Any CPU
		{D94F4932-773F-4306-90F1-9C71C9C0C2A5}.Debug|Any CPU.Build.0 = Debug|Any CPU
		{D94F4932-773F-4306-90F1-9C71C9C0C2A5}.Release|Any CPU.ActiveCfg = Release|Any CPU
		{D94F4932-773F-4306-90F1-9C71C9C0C2A5}.Release|Any CPU.Build.0 = Release|Any CPU
		{D728A729-8C98-4F36-B86A-F104D9AC3509}.Debug|Any CPU.ActiveCfg = Debug|Any CPU
		{D728A729-8C98-4F36-B86A-F104D9AC3509}.Debug|Any CPU.Build.0 = Debug|Any CPU
		{D728A729-8C98-4F36-B86A-F104D9AC3509}.Release|Any CPU.ActiveCfg = Release|Any CPU
		{D728A729-8C98-4F36-B86A-F104D9AC3509}.Release|Any CPU.Build.0 = Release|Any CPU
		{B0867391-3033-46D3-B9FB-74B1E9B291B7}.Debug|Any CPU.ActiveCfg = Debug|Any CPU
		{B0867391-3033-46D3-B9FB-74B1E9B291B7}.Debug|Any CPU.Build.0 = Debug|Any CPU
		{B0867391-3033-46D3-B9FB-74B1E9B291B7}.Release|Any CPU.ActiveCfg = Release|Any CPU
		{B0867391-3033-46D3-B9FB-74B1E9B291B7}.Release|Any CPU.Build.0 = Release|Any CPU
		{AE8A2BEA-6E61-4186-AA7E-F9AD6BCBC47E}.Debug|Any CPU.ActiveCfg = Debug|Any CPU
		{AE8A2BEA-6E61-4186-AA7E-F9AD6BCBC47E}.Debug|Any CPU.Build.0 = Debug|Any CPU
		{AE8A2BEA-6E61-4186-AA7E-F9AD6BCBC47E}.Release|Any CPU.ActiveCfg = Release|Any CPU
		{AE8A2BEA-6E61-4186-AA7E-F9AD6BCBC47E}.Release|Any CPU.Build.0 = Release|Any CPU
		{5E5C1836-8244-469E-9A56-6135E58D2217}.Debug|Any CPU.ActiveCfg = Debug|Any CPU
		{5E5C1836-8244-469E-9A56-6135E58D2217}.Debug|Any CPU.Build.0 = Debug|Any CPU
		{5E5C1836-8244-469E-9A56-6135E58D2217}.Release|Any CPU.ActiveCfg = Release|Any CPU
		{5E5C1836-8244-469E-9A56-6135E58D2217}.Release|Any CPU.Build.0 = Release|Any CPU
		{24DD9082-6C6A-495C-91F8-F8775EFA7297}.Debug|Any CPU.ActiveCfg = Debug|Any CPU
		{24DD9082-6C6A-495C-91F8-F8775EFA7297}.Debug|Any CPU.Build.0 = Debug|Any CPU
		{24DD9082-6C6A-495C-91F8-F8775EFA7297}.Release|Any CPU.ActiveCfg = Release|Any CPU
		{24DD9082-6C6A-495C-91F8-F8775EFA7297}.Release|Any CPU.Build.0 = Release|Any CPU
		{10E5C8D3-A4E8-495B-AF8E-41C5AA4E2691}.Debug|Any CPU.ActiveCfg = Debug|Any CPU
		{10E5C8D3-A4E8-495B-AF8E-41C5AA4E2691}.Debug|Any CPU.Build.0 = Debug|Any CPU
		{10E5C8D3-A4E8-495B-AF8E-41C5AA4E2691}.Release|Any CPU.ActiveCfg = Release|Any CPU
		{10E5C8D3-A4E8-495B-AF8E-41C5AA4E2691}.Release|Any CPU.Build.0 = Release|Any CPU
		{997FD8C4-6F8B-4D5B-A37C-5F33B7E18A20}.Debug|Any CPU.ActiveCfg = Debug|Any CPU
		{997FD8C4-6F8B-4D5B-A37C-5F33B7E18A20}.Debug|Any CPU.Build.0 = Debug|Any CPU
		{997FD8C4-6F8B-4D5B-A37C-5F33B7E18A20}.Release|Any CPU.ActiveCfg = Release|Any CPU
		{997FD8C4-6F8B-4D5B-A37C-5F33B7E18A20}.Release|Any CPU.Build.0 = Release|Any CPU
	EndGlobalSection
	GlobalSection(SolutionProperties) = preSolution
		HideSolutionNode = FALSE
	EndGlobalSection
	GlobalSection(NestedProjects) = preSolution
		{A526BE83-A9EC-4AAF-82EE-78D2673BE210} = {D1E1E7D3-F1D3-4A6C-BEC8-4E67ABBF1FF2}
		{9AA0DC9E-1BDE-4B47-9BDE-1475B550AA78} = {D1E1E7D3-F1D3-4A6C-BEC8-4E67ABBF1FF2}
		{3C7593DA-32C5-4020-A436-146A2633F9EB} = {D1E1E7D3-F1D3-4A6C-BEC8-4E67ABBF1FF2}
		{51CC1B05-8919-4FB5-B1AF-AABA22B80ECA} = {D1E1E7D3-F1D3-4A6C-BEC8-4E67ABBF1FF2}
		{43987F80-3D2F-4FAE-86B1-2DFEF9508EEA} = {A526BE83-A9EC-4AAF-82EE-78D2673BE210}
		{80C7BBD9-3F44-4517-A364-19D565F2FBF4} = {3C7593DA-32C5-4020-A436-146A2633F9EB}
		{C32DDCDF-A2F5-4BA1-A0B4-09CBF07A0697} = {3C7593DA-32C5-4020-A436-146A2633F9EB}
		{54499168-5452-431E-A2F1-79B6A2115464} = {9AA0DC9E-1BDE-4B47-9BDE-1475B550AA78}
		{94363DC2-D7B7-4CB2-9DBD-563EE0C96029} = {9AA0DC9E-1BDE-4B47-9BDE-1475B550AA78}
		{CD6E12A7-5095-4F6A-8AE3-79B0BDBF0F13} = {9AA0DC9E-1BDE-4B47-9BDE-1475B550AA78}
		{D94F4932-773F-4306-90F1-9C71C9C0C2A5} = {C32DDCDF-A2F5-4BA1-A0B4-09CBF07A0697}
		{D728A729-8C98-4F36-B86A-F104D9AC3509} = {80C7BBD9-3F44-4517-A364-19D565F2FBF4}
		{B0867391-3033-46D3-B9FB-74B1E9B291B7} = {43987F80-3D2F-4FAE-86B1-2DFEF9508EEA}
		{AE8A2BEA-6E61-4186-AA7E-F9AD6BCBC47E} = {43987F80-3D2F-4FAE-86B1-2DFEF9508EEA}
		{5E5C1836-8244-469E-9A56-6135E58D2217} = {43987F80-3D2F-4FAE-86B1-2DFEF9508EEA}
		{24DD9082-6C6A-495C-91F8-F8775EFA7297} = {43987F80-3D2F-4FAE-86B1-2DFEF9508EEA}
		{10E5C8D3-A4E8-495B-AF8E-41C5AA4E2691} = {43987F80-3D2F-4FAE-86B1-2DFEF9508EEA}
		{997FD8C4-6F8B-4D5B-A37C-5F33B7E18A20} = {51CC1B05-8919-4FB5-B1AF-AABA22B80ECA}
	EndGlobalSection
	GlobalSection(ExtensibilityGlobals) = postSolution
		SolutionGuid = {565A0F66-F44D-4E50-992D-F2F9A3019185}
	EndGlobalSection
EndGlobal
